// !$*UTF8*$!
{
	archiveVersion = 1;
	classes = {
	};
	objectVersion = 77;
	objects = {

/* Begin PBXContainerItemProxy section */
		9AA920F72D86EBB2002C1AF5 /* PBXContainerItemProxy */ = {
			isa = PBXContainerItemProxy;
			containerPortal = 9AA920DE2D86EBAF002C1AF5 /* Project object */;
			proxyType = 1;
			remoteGlobalIDString = 9AA920E52D86EBAF002C1AF5;
			remoteInfo = RecipeSharingHome;
		};
		9AA921012D86EBB2002C1AF5 /* PBXContainerItemProxy */ = {
			isa = PBXContainerItemProxy;
			containerPortal = 9AA920DE2D86EBAF002C1AF5 /* Project object */;
			proxyType = 1;
			remoteGlobalIDString = 9AA920E52D86EBAF002C1AF5;
			remoteInfo = RecipeSharingHome;
		};
/* End PBXContainerItemProxy section */

/* Begin PBXFileReference section */
		9AA920E62D86EBAF002C1AF5 /* RecipeSharingHome.app */ = {isa = PBXFileReference; explicitFileType = wrapper.application; includeInIndex = 0; path = RecipeSharingHome.app; sourceTree = BUILT_PRODUCTS_DIR; };
		9AA920F62D86EBB2002C1AF5 /* RecipeSharingHomeTests.xctest */ = {isa = PBXFileReference; explicitFileType = wrapper.cfbundle; includeInIndex = 0; path = RecipeSharingHomeTests.xctest; sourceTree = BUILT_PRODUCTS_DIR; };
		9AA921002D86EBB2002C1AF5 /* RecipeSharingHomeUITests.xctest */ = {isa = PBXFileReference; explicitFileType = wrapper.cfbundle; includeInIndex = 0; path = RecipeSharingHomeUITests.xctest; sourceTree = BUILT_PRODUCTS_DIR; };
/* End PBXFileReference section */

/* Begin PBXFileSystemSynchronizedRootGroup section */
		9AA920E82D86EBAF002C1AF5 /* RecipeSharingHome */ = {
			isa = PBXFileSystemSynchronizedRootGroup;
			path = RecipeSharingHome;
			sourceTree = "<group>";
		};
		9AA920F92D86EBB2002C1AF5 /* RecipeSharingHomeTests */ = {
			isa = PBXFileSystemSynchronizedRootGroup;
			path = RecipeSharingHomeTests;
			sourceTree = "<group>";
		};
		9AA921032D86EBB2002C1AF5 /* RecipeSharingHomeUITests */ = {
			isa = PBXFileSystemSynchronizedRootGroup;
			path = RecipeSharingHomeUITests;
			sourceTree = "<group>";
		};
/* End PBXFileSystemSynchronizedRootGroup section */

/* Begin PBXFrameworksBuildPhase section */
		9AA920E32D86EBAF002C1AF5 /* Frameworks */ = {
			isa = PBXFrameworksBuildPhase;
			buildActionMask = 2147483647;
			files = (
			);
			runOnlyForDeploymentPostprocessing = 0;
		};
		9AA920F32D86EBB2002C1AF5 /* Frameworks */ = {
			isa = PBXFrameworksBuildPhase;
			buildActionMask = 2147483647;
			files = (
			);
			runOnlyForDeploymentPostprocessing = 0;
		};
		9AA920FD2D86EBB2002C1AF5 /* Frameworks */ = {
			isa = PBXFrameworksBuildPhase;
			buildActionMask = 2147483647;
			files = (
			);
			runOnlyForDeploymentPostprocessing = 0;
		};
/* End PBXFrameworksBuildPhase section */

/* Begin PBXGroup section */
		9AA920DD2D86EBAF002C1AF5 = {
			isa = PBXGroup;
			children = (
				9AA920E82D86EBAF002C1AF5 /* RecipeSharingHome */,
				9AA920F92D86EBB2002C1AF5 /* RecipeSharingHomeTests */,
				9AA921032D86EBB2002C1AF5 /* RecipeSharingHomeUITests */,
				9AA920E72D86EBAF002C1AF5 /* Products */,
			);
			sourceTree = "<group>";
		};
		9AA920E72D86EBAF002C1AF5 /* Products */ = {
			isa = PBXGroup;
			children = (
				9AA920E62D86EBAF002C1AF5 /* RecipeSharingHome.app */,
				9AA920F62D86EBB2002C1AF5 /* RecipeSharingHomeTests.xctest */,
				9AA921002D86EBB2002C1AF5 /* RecipeSharingHomeUITests.xctest */,
			);
			name = Products;
			sourceTree = "<group>";
		};
/* End PBXGroup section */

/* Begin PBXNativeTarget section */
		9AA920E52D86EBAF002C1AF5 /* RecipeSharingHome */ = {
			isa = PBXNativeTarget;
			buildConfigurationList = 9AA9210A2D86EBB2002C1AF5 /* Build configuration list for PBXNativeTarget "RecipeSharingHome" */;
			buildPhases = (
				9AA920E22D86EBAF002C1AF5 /* Sources */,
				9AA920E32D86EBAF002C1AF5 /* Frameworks */,
				9AA920E42D86EBAF002C1AF5 /* Resources */,
			);
			buildRules = (
			);
			dependencies = (
			);
			fileSystemSynchronizedGroups = (
				9AA920E82D86EBAF002C1AF5 /* RecipeSharingHome */,
			);
			name = RecipeSharingHome;
			packageProductDependencies = (
			);
			productName = RecipeSharingHome;
			productReference = 9AA920E62D86EBAF002C1AF5 /* RecipeSharingHome.app */;
			productType = "com.apple.product-type.application";
		};
		9AA920F52D86EBB2002C1AF5 /* RecipeSharingHomeTests */ = {
			isa = PBXNativeTarget;
			buildConfigurationList = 9AA9210D2D86EBB2002C1AF5 /* Build configuration list for PBXNativeTarget "RecipeSharingHomeTests" */;
			buildPhases = (
				9AA920F22D86EBB2002C1AF5 /* Sources */,
				9AA920F32D86EBB2002C1AF5 /* Frameworks */,
				9AA920F42D86EBB2002C1AF5 /* Resources */,
			);
			buildRules = (
			);
			dependencies = (
				9AA920F82D86EBB2002C1AF5 /* PBXTargetDependency */,
			);
			fileSystemSynchronizedGroups = (
				9AA920F92D86EBB2002C1AF5 /* RecipeSharingHomeTests */,
			);
			name = RecipeSharingHomeTests;
			packageProductDependencies = (
			);
			productName = RecipeSharingHomeTests;
			productReference = 9AA920F62D86EBB2002C1AF5 /* RecipeSharingHomeTests.xctest */;
			productType = "com.apple.product-type.bundle.unit-test";
		};
		9AA920FF2D86EBB2002C1AF5 /* RecipeSharingHomeUITests */ = {
			isa = PBXNativeTarget;
			buildConfigurationList = 9AA921102D86EBB2002C1AF5 /* Build configuration list for PBXNativeTarget "RecipeSharingHomeUITests" */;
			buildPhases = (
				9AA920FC2D86EBB2002C1AF5 /* Sources */,
				9AA920FD2D86EBB2002C1AF5 /* Frameworks */,
				9AA920FE2D86EBB2002C1AF5 /* Resources */,
			);
			buildRules = (
			);
			dependencies = (
				9AA921022D86EBB2002C1AF5 /* PBXTargetDependency */,
			);
			fileSystemSynchronizedGroups = (
				9AA921032D86EBB2002C1AF5 /* RecipeSharingHomeUITests */,
			);
			name = RecipeSharingHomeUITests;
			packageProductDependencies = (
			);
			productName = RecipeSharingHomeUITests;
			productReference = 9AA921002D86EBB2002C1AF5 /* RecipeSharingHomeUITests.xctest */;
			productType = "com.apple.product-type.bundle.ui-testing";
		};
/* End PBXNativeTarget section */

/* Begin PBXProject section */
		9AA920DE2D86EBAF002C1AF5 /* Project object */ = {
			isa = PBXProject;
			attributes = {
				BuildIndependentTargetsInParallel = 1;
				LastSwiftUpdateCheck = 1620;
				LastUpgradeCheck = 1620;
				TargetAttributes = {
					9AA920E52D86EBAF002C1AF5 = {
						CreatedOnToolsVersion = 16.2;
					};
					9AA920F52D86EBB2002C1AF5 = {
						CreatedOnToolsVersion = 16.2;
						TestTargetID = 9AA920E52D86EBAF002C1AF5;
					};
					9AA920FF2D86EBB2002C1AF5 = {
						CreatedOnToolsVersion = 16.2;
						TestTargetID = 9AA920E52D86EBAF002C1AF5;
					};
				};
			};
			buildConfigurationList = 9AA920E12D86EBAF002C1AF5 /* Build configuration list for PBXProject "RecipeSharingHome" */;
			developmentRegion = en;
			hasScannedForEncodings = 0;
			knownRegions = (
				en,
				Base,
			);
			mainGroup = 9AA920DD2D86EBAF002C1AF5;
			minimizedProjectReferenceProxies = 1;
			preferredProjectObjectVersion = 77;
			productRefGroup = 9AA920E72D86EBAF002C1AF5 /* Products */;
			projectDirPath = "";
			projectRoot = "";
			targets = (
				9AA920E52D86EBAF002C1AF5 /* RecipeSharingHome */,
				9AA920F52D86EBB2002C1AF5 /* RecipeSharingHomeTests */,
				9AA920FF2D86EBB2002C1AF5 /* RecipeSharingHomeUITests */,
			);
		};
/* End PBXProject section */

/* Begin PBXResourcesBuildPhase section */
		9AA920E42D86EBAF002C1AF5 /* Resources */ = {
			isa = PBXResourcesBuildPhase;
			buildActionMask = 2147483647;
			files = (
			);
			runOnlyForDeploymentPostprocessing = 0;
		};
		9AA920F42D86EBB2002C1AF5 /* Resources */ = {
			isa = PBXResourcesBuildPhase;
			buildActionMask = 2147483647;
			files = (
			);
			runOnlyForDeploymentPostprocessing = 0;
		};
		9AA920FE2D86EBB2002C1AF5 /* Resources */ = {
			isa = PBXResourcesBuildPhase;
			buildActionMask = 2147483647;
			files = (
			);
			runOnlyForDeploymentPostprocessing = 0;
		};
/* End PBXResourcesBuildPhase section */

/* Begin PBXSourcesBuildPhase section */
		9AA920E22D86EBAF002C1AF5 /* Sources */ = {
			isa = PBXSourcesBuildPhase;
			buildActionMask = 2147483647;
			files = (
			);
			runOnlyForDeploymentPostprocessing = 0;
		};
		9AA920F22D86EBB2002C1AF5 /* Sources */ = {
			isa = PBXSourcesBuildPhase;
			buildActionMask = 2147483647;
			files = (
			);
			runOnlyForDeploymentPostprocessing = 0;
		};
		9AA920FC2D86EBB2002C1AF5 /* Sources */ = {
			isa = PBXSourcesBuildPhase;
			buildActionMask = 2147483647;
			files = (
			);
			runOnlyForDeploymentPostprocessing = 0;
		};
/* End PBXSourcesBuildPhase section */

/* Begin PBXTargetDependency section */
		9AA920F82D86EBB2002C1AF5 /* PBXTargetDependency */ = {
			isa = PBXTargetDependency;
			target = 9AA920E52D86EBAF002C1AF5 /* RecipeSharingHome */;
			targetProxy = 9AA920F72D86EBB2002C1AF5 /* PBXContainerItemProxy */;
		};
		9AA921022D86EBB2002C1AF5 /* PBXTargetDependency */ = {
			isa = PBXTargetDependency;
			target = 9AA920E52D86EBAF002C1AF5 /* RecipeSharingHome */;
			targetProxy = 9AA921012D86EBB2002C1AF5 /* PBXContainerItemProxy */;
		};
/* End PBXTargetDependency section */

/* Begin XCBuildConfiguration section */
		9AA921082D86EBB2002C1AF5 /* Debug */ = {
			isa = XCBuildConfiguration;
			buildSettings = {
				ALWAYS_SEARCH_USER_PATHS = NO;
				ASSETCATALOG_COMPILER_GENERATE_SWIFT_ASSET_SYMBOL_EXTENSIONS = YES;
				CLANG_ANALYZER_NONNULL = YES;
				CLANG_ANALYZER_NUMBER_OBJECT_CONVERSION = YES_AGGRESSIVE;
				CLANG_CXX_LANGUAGE_STANDARD = "gnu++20";
				CLANG_ENABLE_MODULES = YES;
				CLANG_ENABLE_OBJC_ARC = YES;
				CLANG_ENABLE_OBJC_WEAK = YES;
				CLANG_WARN_BLOCK_CAPTURE_AUTORELEASING = YES;
				CLANG_WARN_BOOL_CONVERSION = YES;
				CLANG_WARN_COMMA = YES;
				CLANG_WARN_CONSTANT_CONVERSION = YES;
				CLANG_WARN_DEPRECATED_OBJC_IMPLEMENTATIONS = YES;
				CLANG_WARN_DIRECT_OBJC_ISA_USAGE = YES_ERROR;
				CLANG_WARN_DOCUMENTATION_COMMENTS = YES;
				CLANG_WARN_EMPTY_BODY = YES;
				CLANG_WARN_ENUM_CONVERSION = YES;
				CLANG_WARN_INFINITE_RECURSION = YES;
				CLANG_WARN_INT_CONVERSION = YES;
				CLANG_WARN_NON_LITERAL_NULL_CONVERSION = YES;
				CLANG_WARN_OBJC_IMPLICIT_RETAIN_SELF = YES;
				CLANG_WARN_OBJC_LITERAL_CONVERSION = YES;
				CLANG_WARN_OBJC_ROOT_CLASS = YES_ERROR;
				CLANG_WARN_QUOTED_INCLUDE_IN_FRAMEWORK_HEADER = YES;
				CLANG_WARN_RANGE_LOOP_ANALYSIS = YES;
				CLANG_WARN_STRICT_PROTOTYPES = YES;
				CLANG_WARN_SUSPICIOUS_MOVE = YES;
				CLANG_WARN_UNGUARDED_AVAILABILITY = YES_AGGRESSIVE;
				CLANG_WARN_UNREACHABLE_CODE = YES;
				CLANG_WARN__DUPLICATE_METHOD_MATCH = YES;
				COPY_PHASE_STRIP = NO;
				DEBUG_INFORMATION_FORMAT = dwarf;
				ENABLE_STRICT_OBJC_MSGSEND = YES;
				ENABLE_TESTABILITY = YES;
				ENABLE_USER_SCRIPT_SANDBOXING = YES;
				GCC_C_LANGUAGE_STANDARD = gnu17;
				GCC_DYNAMIC_NO_PIC = NO;
				GCC_NO_COMMON_BLOCKS = YES;
				GCC_OPTIMIZATION_LEVEL = 0;
				GCC_PREPROCESSOR_DEFINITIONS = (
					"DEBUG=1",
					"$(inherited)",
				);
				GCC_WARN_64_TO_32_BIT_CONVERSION = YES;
				GCC_WARN_ABOUT_RETURN_TYPE = YES_ERROR;
				GCC_WARN_UNDECLARED_SELECTOR = YES;
				GCC_WARN_UNINITIALIZED_AUTOS = YES_AGGRESSIVE;
				GCC_WARN_UNUSED_FUNCTION = YES;
				GCC_WARN_UNUSED_VARIABLE = YES;
				IPHONEOS_DEPLOYMENT_TARGET = 18.2;
				LOCALIZATION_PREFERS_STRING_CATALOGS = YES;
				MTL_ENABLE_DEBUG_INFO = INCLUDE_SOURCE;
				MTL_FAST_MATH = YES;
				ONLY_ACTIVE_ARCH = YES;
				SDKROOT = iphoneos;
				SWIFT_ACTIVE_COMPILATION_CONDITIONS = "DEBUG $(inherited)";
				SWIFT_OPTIMIZATION_LEVEL = "-Onone";
			};
			name = Debug;
		};
		9AA921092D86EBB2002C1AF5 /* Release */ = {
			isa = XCBuildConfiguration;
			buildSettings = {
				ALWAYS_SEARCH_USER_PATHS = NO;
				ASSETCATALOG_COMPILER_GENERATE_SWIFT_ASSET_SYMBOL_EXTENSIONS = YES;
				CLANG_ANALYZER_NONNULL = YES;
				CLANG_ANALYZER_NUMBER_OBJECT_CONVERSION = YES_AGGRESSIVE;
				CLANG_CXX_LANGUAGE_STANDARD = "gnu++20";
				CLANG_ENABLE_MODULES = YES;
				CLANG_ENABLE_OBJC_ARC = YES;
				CLANG_ENABLE_OBJC_WEAK = YES;
				CLANG_WARN_BLOCK_CAPTURE_AUTORELEASING = YES;
				CLANG_WARN_BOOL_CONVERSION = YES;
				CLANG_WARN_COMMA = YES;
				CLANG_WARN_CONSTANT_CONVERSION = YES;
				CLANG_WARN_DEPRECATED_OBJC_IMPLEMENTATIONS = YES;
				CLANG_WARN_DIRECT_OBJC_ISA_USAGE = YES_ERROR;
				CLANG_WARN_DOCUMENTATION_COMMENTS = YES;
				CLANG_WARN_EMPTY_BODY = YES;
				CLANG_WARN_ENUM_CONVERSION = YES;
				CLANG_WARN_INFINITE_RECURSION = YES;
				CLANG_WARN_INT_CONVERSION = YES;
				CLANG_WARN_NON_LITERAL_NULL_CONVERSION = YES;
				CLANG_WARN_OBJC_IMPLICIT_RETAIN_SELF = YES;
				CLANG_WARN_OBJC_LITERAL_CONVERSION = YES;
				CLANG_WARN_OBJC_ROOT_CLASS = YES_ERROR;
				CLANG_WARN_QUOTED_INCLUDE_IN_FRAMEWORK_HEADER = YES;
				CLANG_WARN_RANGE_LOOP_ANALYSIS = YES;
				CLANG_WARN_STRICT_PROTOTYPES = YES;
				CLANG_WARN_SUSPICIOUS_MOVE = YES;
				CLANG_WARN_UNGUARDED_AVAILABILITY = YES_AGGRESSIVE;
				CLANG_WARN_UNREACHABLE_CODE = YES;
				CLANG_WARN__DUPLICATE_METHOD_MATCH = YES;
				COPY_PHASE_STRIP = NO;
				DEBUG_INFORMATION_FORMAT = "dwarf-with-dsym";
				ENABLE_NS_ASSERTIONS = NO;
				ENABLE_STRICT_OBJC_MSGSEND = YES;
				ENABLE_USER_SCRIPT_SANDBOXING = YES;
				GCC_C_LANGUAGE_STANDARD = gnu17;
				GCC_NO_COMMON_BLOCKS = YES;
				GCC_WARN_64_TO_32_BIT_CONVERSION = YES;
				GCC_WARN_ABOUT_RETURN_TYPE = YES_ERROR;
				GCC_WARN_UNDECLARED_SELECTOR = YES;
				GCC_WARN_UNINITIALIZED_AUTOS = YES_AGGRESSIVE;
				GCC_WARN_UNUSED_FUNCTION = YES;
				GCC_WARN_UNUSED_VARIABLE = YES;
				IPHONEOS_DEPLOYMENT_TARGET = 18.2;
				LOCALIZATION_PREFERS_STRING_CATALOGS = YES;
				MTL_ENABLE_DEBUG_INFO = NO;
				MTL_FAST_MATH = YES;
				SDKROOT = iphoneos;
				SWIFT_COMPILATION_MODE = wholemodule;
				VALIDATE_PRODUCT = YES;
			};
			name = Release;
		};
		9AA9210B2D86EBB2002C1AF5 /* Debug */ = {
			isa = XCBuildConfiguration;
			buildSettings = {
				ASSETCATALOG_COMPILER_APPICON_NAME = AppIcon;
				ASSETCATALOG_COMPILER_GLOBAL_ACCENT_COLOR_NAME = AccentColor;
				CODE_SIGN_STYLE = Automatic;
				CURRENT_PROJECT_VERSION = 1;
				DEVELOPMENT_ASSET_PATHS = "\"RecipeSharingHome/Preview Content\"";
				DEVELOPMENT_TEAM = P5M843F3NP;
				ENABLE_PREVIEWS = YES;
				GENERATE_INFOPLIST_FILE = YES;
				INFOPLIST_KEY_UIApplicationSceneManifest_Generation = YES;
				INFOPLIST_KEY_UIApplicationSupportsIndirectInputEvents = YES;
				INFOPLIST_KEY_UILaunchScreen_Generation = YES;
				INFOPLIST_KEY_UISupportedInterfaceOrientations_iPad = "UIInterfaceOrientationPortrait UIInterfaceOrientationPortraitUpsideDown UIInterfaceOrientationLandscapeLeft UIInterfaceOrientationLandscapeRight";
				INFOPLIST_KEY_UISupportedInterfaceOrientations_iPhone = "UIInterfaceOrientationPortrait UIInterfaceOrientationLandscapeLeft UIInterfaceOrientationLandscapeRight";
				LD_RUNPATH_SEARCH_PATHS = (
					"$(inherited)",
					"@executable_path/Frameworks",
				);
				MARKETING_VERSION = 1.0;
				PRODUCT_BUNDLE_IDENTIFIER = com.elexoft.RecipeSharingHome;
				PRODUCT_NAME = "$(TARGET_NAME)";
				SWIFT_EMIT_LOC_STRINGS = YES;
				SWIFT_VERSION = 5.0;
				TARGETED_DEVICE_FAMILY = "1,2";
			};
			name = Debug;
		};
		9AA9210C2D86EBB2002C1AF5 /* Release */ = {
			isa = XCBuildConfiguration;
			buildSettings = {
				ASSETCATALOG_COMPILER_APPICON_NAME = AppIcon;
				ASSETCATALOG_COMPILER_GLOBAL_ACCENT_COLOR_NAME = AccentColor;
				CODE_SIGN_STYLE = Automatic;
				CURRENT_PROJECT_VERSION = 1;
				DEVELOPMENT_ASSET_PATHS = "\"RecipeSharingHome/Preview Content\"";
				DEVELOPMENT_TEAM = P5M843F3NP;
				ENABLE_PREVIEWS = YES;
				GENERATE_INFOPLIST_FILE = YES;
				INFOPLIST_KEY_UIApplicationSceneManifest_Generation = YES;
				INFOPLIST_KEY_UIApplicationSupportsIndirectInputEvents = YES;
				INFOPLIST_KEY_UILaunchScreen_Generation = YES;
				INFOPLIST_KEY_UISupportedInterfaceOrientations_iPad = "UIInterfaceOrientationPortrait UIInterfaceOrientationPortraitUpsideDown UIInterfaceOrientationLandscapeLeft UIInterfaceOrientationLandscapeRight";
				INFOPLIST_KEY_UISupportedInterfaceOrientations_iPhone = "UIInterfaceOrientationPortrait UIInterfaceOrientationLandscapeLeft UIInterfaceOrientationLandscapeRight";
				LD_RUNPATH_SEARCH_PATHS = (
					"$(inherited)",
					"@executable_path/Frameworks",
				);
				MARKETING_VERSION = 1.0;
				PRODUCT_BUNDLE_IDENTIFIER = com.elexoft.RecipeSharingHome;
				PRODUCT_NAME = "$(TARGET_NAME)";
				SWIFT_EMIT_LOC_STRINGS = YES;
				SWIFT_VERSION = 5.0;
				TARGETED_DEVICE_FAMILY = "1,2";
			};
			name = Release;
		};
		9AA9210E2D86EBB2002C1AF5 /* Debug */ = {
			isa = XCBuildConfiguration;
			buildSettings = {
				BUNDLE_LOADER = "$(TEST_HOST)";
				CODE_SIGN_STYLE = Automatic;
				CURRENT_PROJECT_VERSION = 1;
				DEVELOPMENT_TEAM = P5M843F3NP;
				GENERATE_INFOPLIST_FILE = YES;
				IPHONEOS_DEPLOYMENT_TARGET = 18.2;
				MARKETING_VERSION = 1.0;
				PRODUCT_BUNDLE_IDENTIFIER = com.elexoft.RecipeSharingHomeTests;
				PRODUCT_NAME = "$(TARGET_NAME)";
				SWIFT_EMIT_LOC_STRINGS = NO;
				SWIFT_VERSION = 5.0;
				TARGETED_DEVICE_FAMILY = "1,2";
				TEST_HOST = "$(BUILT_PRODUCTS_DIR)/RecipeSharingHome.app/$(BUNDLE_EXECUTABLE_FOLDER_PATH)/RecipeSharingHome";
			};
			name = Debug;
		};
		9AA9210F2D86EBB2002C1AF5 /* Release */ = {
			isa = XCBuildConfiguration;
			buildSettings = {
				BUNDLE_LOADER = "$(TEST_HOST)";
				CODE_SIGN_STYLE = Automatic;
				CURRENT_PROJECT_VERSION = 1;
				DEVELOPMENT_TEAM = P5M843F3NP;
				GENERATE_INFOPLIST_FILE = YES;
				IPHONEOS_DEPLOYMENT_TARGET = 18.2;
				MARKETING_VERSION = 1.0;
				PRODUCT_BUNDLE_IDENTIFIER = com.elexoft.RecipeSharingHomeTests;
				PRODUCT_NAME = "$(TARGET_NAME)";
				SWIFT_EMIT_LOC_STRINGS = NO;
				SWIFT_VERSION = 5.0;
				TARGETED_DEVICE_FAMILY = "1,2";
				TEST_HOST = "$(BUILT_PRODUCTS_DIR)/RecipeSharingHome.app/$(BUNDLE_EXECUTABLE_FOLDER_PATH)/RecipeSharingHome";
			};
			name = Release;
		};
		9AA921112D86EBB2002C1AF5 /* Debug */ = {
			isa = XCBuildConfiguration;
			buildSettings = {
				CODE_SIGN_STYLE = Automatic;
				CURRENT_PROJECT_VERSION = 1;
				DEVELOPMENT_TEAM = P5M843F3NP;
				GENERATE_INFOPLIST_FILE = YES;
				MARKETING_VERSION = 1.0;
				PRODUCT_BUNDLE_IDENTIFIER = com.elexoft.RecipeSharingHomeUITests;
				PRODUCT_NAME = "$(TARGET_NAME)";
				SWIFT_EMIT_LOC_STRINGS = NO;
				SWIFT_VERSION = 5.0;
				TARGETED_DEVICE_FAMILY = "1,2";
				TEST_TARGET_NAME = RecipeSharingHome;
			};
			name = Debug;
		};
		9AA921122D86EBB2002C1AF5 /* Release */ = {
			isa = XCBuildConfiguration;
			buildSettings = {
				CODE_SIGN_STYLE = Automatic;
				CURRENT_PROJECT_VERSION = 1;
				DEVELOPMENT_TEAM = P5M843F3NP;
				GENERATE_INFOPLIST_FILE = YES;
				MARKETING_VERSION = 1.0;
				PRODUCT_BUNDLE_IDENTIFIER = com.elexoft.RecipeSharingHomeUITests;
				PRODUCT_NAME = "$(TARGET_NAME)";
				SWIFT_EMIT_LOC_STRINGS = NO;
				SWIFT_VERSION = 5.0;
				TARGETED_DEVICE_FAMILY = "1,2";
				TEST_TARGET_NAME = RecipeSharingHome;
			};
			name = Release;
		};
/* End XCBuildConfiguration section */

/* Begin XCConfigurationList section */
		9AA920E12D86EBAF002C1AF5 /* Build configuration list for PBXProject "RecipeSharingHome" */ = {
			isa = XCConfigurationList;
			buildConfigurations = (
				9AA921082D86EBB2002C1AF5 /* Debug */,
				9AA921092D86EBB2002C1AF5 /* Release */,
			);
			defaultConfigurationIsVisible = 0;
			defaultConfigurationName = Release;
		};
		9AA9210A2D86EBB2002C1AF5 /* Build configuration list for PBXNativeTarget "RecipeSharingHome" */ = {
			isa = XCConfigurationList;
			buildConfigurations = (
				9AA9210B2D86EBB2002C1AF5 /* Debug */,
				9AA9210C2D86EBB2002C1AF5 /* Release */,
			);
			defaultConfigurationIsVisible = 0;
			defaultConfigurationName = Release;
		};
		9AA9210D2D86EBB2002C1AF5 /* Build configuration list for PBXNativeTarget "RecipeSharingHomeTests" */ = {
			isa = XCConfigurationList;
			buildConfigurations = (
				9AA9210E2D86EBB2002C1AF5 /* Debug */,
				9AA9210F2D86EBB2002C1AF5 /* Release */,
			);
			defaultConfigurationIsVisible = 0;
			defaultConfigurationName = Release;
		};
		9AA921102D86EBB2002C1AF5 /* Build configuration list for PBXNativeTarget "RecipeSharingHomeUITests" */ = {
			isa = XCConfigurationList;
			buildConfigurations = (
				9AA921112D86EBB2002C1AF5 /* Debug */,
				9AA921122D86EBB2002C1AF5 /* Release */,
			);
			defaultConfigurationIsVisible = 0;
			defaultConfigurationName = Release;
		};
/* End XCConfigurationList section */
	};
	rootObject = 9AA920DE2D86EBAF002C1AF5 /* Project object */;
}
